
Microsoft Visual Studio Solution File, Format Version 12.00
# Visual Studio 15
VisualStudioVersion = 15.0.28307.136
MinimumVisualStudioVersion = 10.0.40219.1
Project("{FAE04EC0-301F-11D3-BF4B-00C04F79EFBC}") = "OrionHosting", "OrionHosting\OrionHosting.csproj", "{891C98B4-F9E5-41A7-895D-015A7016B52C}"
EndProject
Global
	GlobalSection(SolutionConfigurationPlatforms) = preSolution
		Debug|Any CPU = Debug|Any CPU
		Release|Any CPU = Release|Any CPU
	EndGlobalSection
	GlobalSection(ProjectConfigurationPlatforms) = postSolution
		{891C98B4-F9E5-41A7-895D-015A7016B52C}.Debug|Any CPU.ActiveCfg = Debug|Any CPU
		{891C98B4-F9E5-41A7-895D-015A7016B52C}.Debug|Any CPU.Build.0 = Debug|Any CPU
		{891C98B4-F9E5-41A7-895D-015A7016B52C}.Release|Any CPU.ActiveCfg = Release|Any CPU
		{891C98B4-F9E5-41A7-895D-015A7016B52C}.Release|Any CPU.Build.0 = Release|Any CPU
	EndGlobalSection
	GlobalSection(SolutionProperties) = preSolution
		HideSolutionNode = FALSE
	EndGlobalSection
	GlobalSection(ExtensibilityGlobals) = postSolution
		SolutionGuid = {4B648382-4C88-400C-AF5C-3B2CC8BEB02D}
	EndGlobalSection
EndGlobal
